
Microsoft Visual Studio Solution File, Format Version 12.00
# Visual Studio Version 16
VisualStudioVersion = 16.0.28729.10
MinimumVisualStudioVersion = 10.0.40219.1
Project("{FAE04EC0-301F-11D3-BF4B-00C04F79EFBC}") = "FTPConsole", "FTPConsole\FTPConsole.csproj", "{27CC7CB6-4DCE-401E-A1E8-97304DF7D22E}"
EndProject
Global
	GlobalSection(SolutionConfigurationPlatforms) = preSolution
		Debug|Any CPU = Debug|Any CPU
		Release|Any CPU = Release|Any CPU
	EndGlobalSection
	GlobalSection(ProjectConfigurationPlatforms) = postSolution
		{27CC7CB6-4DCE-401E-A1E8-97304DF7D22E}.Debug|Any CPU.ActiveCfg = Debug|Any CPU
		{27CC7CB6-4DCE-401E-A1E8-97304DF7D22E}.Debug|Any CPU.Build.0 = Debug|Any CPU
		{27CC7CB6-4DCE-401E-A1E8-97304DF7D22E}.Release|Any CPU.ActiveCfg = Release|Any CPU
		{27CC7CB6-4DCE-401E-A1E8-97304DF7D22E}.Release|Any CPU.Build.0 = Release|Any CPU
	EndGlobalSection
	GlobalSection(SolutionProperties) = preSolution
		HideSolutionNode = FALSE
	EndGlobalSection
	GlobalSection(ExtensibilityGlobals) = postSolution
		SolutionGuid = {8CA9DC47-DCA9-4C7E-BCCB-AD8B8EADFA97}
	EndGlobalSection
EndGlobal
